
Microsoft Visual Studio Solution File, Format Version 12.00
# Visual Studio Version 16
VisualStudioVersion = 16.0.31205.134
MinimumVisualStudioVersion = 10.0.40219.1
Project("{FAE04EC0-301F-11D3-BF4B-00C04F79EFBC}") = "SeniorAppDB", "SeniorAppDB\SeniorAppDB.csproj", "{E36104F1-90B9-44FB-AE25-782404DD8646}"
EndProject
Project("{FAE04EC0-301F-11D3-BF4B-00C04F79EFBC}") = "SeniorAppNegocio", "SeniorAppNegocio\SeniorAppNegocio.csproj", "{716F0D62-3333-4CBF-A8D6-51967CDC1BCC}"
EndProject
Project("{FAE04EC0-301F-11D3-BF4B-00C04F79EFBC}") = "SeniorAppDTO", "SeniorAppDTO\SeniorAppDTO.csproj", "{7016AB13-661F-4319-9CD1-1248850F5A01}"
EndProject
Project("{FAE04EC0-301F-11D3-BF4B-00C04F79EFBC}") = "Senior-App", "Senior-App\Senior-App.csproj", "{D7BC898A-84DA-4DDA-99D1-F0A25E6B8731}"
EndProject
Project("{FAE04EC0-301F-11D3-BF4B-00C04F79EFBC}") = "SeniorAppServicio", "..\..\SeniorAppServicio\SeniorAppServicio\SeniorAppServicio.csproj", "{6B759D05-CE74-43ED-8412-69AF27017CBE}"
EndProject
Global
	GlobalSection(SolutionConfigurationPlatforms) = preSolution
		Debug|Any CPU = Debug|Any CPU
		Release|Any CPU = Release|Any CPU
	EndGlobalSection
	GlobalSection(ProjectConfigurationPlatforms) = postSolution
		{E36104F1-90B9-44FB-AE25-782404DD8646}.Debug|Any CPU.ActiveCfg = Debug|Any CPU
		{E36104F1-90B9-44FB-AE25-782404DD8646}.Debug|Any CPU.Build.0 = Debug|Any CPU
		{E36104F1-90B9-44FB-AE25-782404DD8646}.Release|Any CPU.ActiveCfg = Release|Any CPU
		{E36104F1-90B9-44FB-AE25-782404DD8646}.Release|Any CPU.Build.0 = Release|Any CPU
		{716F0D62-3333-4CBF-A8D6-51967CDC1BCC}.Debug|Any CPU.ActiveCfg = Debug|Any CPU
		{716F0D62-3333-4CBF-A8D6-51967CDC1BCC}.Debug|Any CPU.Build.0 = Debug|Any CPU
		{716F0D62-3333-4CBF-A8D6-51967CDC1BCC}.Release|Any CPU.ActiveCfg = Release|Any CPU
		{716F0D62-3333-4CBF-A8D6-51967CDC1BCC}.Release|Any CPU.Build.0 = Release|Any CPU
		{7016AB13-661F-4319-9CD1-1248850F5A01}.Debug|Any CPU.ActiveCfg = Debug|Any CPU
		{7016AB13-661F-4319-9CD1-1248850F5A01}.Debug|Any CPU.Build.0 = Debug|Any CPU
		{7016AB13-661F-4319-9CD1-1248850F5A01}.Release|Any CPU.ActiveCfg = Release|Any CPU
		{7016AB13-661F-4319-9CD1-1248850F5A01}.Release|Any CPU.Build.0 = Release|Any CPU
		{D7BC898A-84DA-4DDA-99D1-F0A25E6B8731}.Debug|Any CPU.ActiveCfg = Debug|Any CPU
		{D7BC898A-84DA-4DDA-99D1-F0A25E6B8731}.Debug|Any CPU.Build.0 = Debug|Any CPU
		{D7BC898A-84DA-4DDA-99D1-F0A25E6B8731}.Release|Any CPU.ActiveCfg = Release|Any CPU
		{D7BC898A-84DA-4DDA-99D1-F0A25E6B8731}.Release|Any CPU.Build.0 = Release|Any CPU
		{6B759D05-CE74-43ED-8412-69AF27017CBE}.Debug|Any CPU.ActiveCfg = Debug|Any CPU
		{6B759D05-CE74-43ED-8412-69AF27017CBE}.Debug|Any CPU.Build.0 = Debug|Any CPU
		{6B759D05-CE74-43ED-8412-69AF27017CBE}.Release|Any CPU.ActiveCfg = Release|Any CPU
		{6B759D05-CE74-43ED-8412-69AF27017CBE}.Release|Any CPU.Build.0 = Release|Any CPU
	EndGlobalSection
	GlobalSection(SolutionProperties) = preSolution
		HideSolutionNode = FALSE
	EndGlobalSection
	GlobalSection(ExtensibilityGlobals) = postSolution
		SolutionGuid = {2B519DD9-13FA-43DF-AF0A-EF43B878A6B5}
	EndGlobalSection
EndGlobal
