
Microsoft Visual Studio Solution File, Format Version 12.00
# Visual Studio Version 16
VisualStudioVersion = 16.0.31410.357
MinimumVisualStudioVersion = 10.0.40219.1
Project("{FAE04EC0-301F-11D3-BF4B-00C04F79EFBC}") = "SeniorAppServicio", "SeniorAppServicio\SeniorAppServicio.csproj", "{6B759D05-CE74-43ED-8412-69AF27017CBE}"
EndProject
Global
	GlobalSection(SolutionConfigurationPlatforms) = preSolution
		Debug|Any CPU = Debug|Any CPU
		Release|Any CPU = Release|Any CPU
	EndGlobalSection
	GlobalSection(ProjectConfigurationPlatforms) = postSolution
		{6B759D05-CE74-43ED-8412-69AF27017CBE}.Debug|Any CPU.ActiveCfg = Debug|Any CPU
		{6B759D05-CE74-43ED-8412-69AF27017CBE}.Debug|Any CPU.Build.0 = Debug|Any CPU
		{6B759D05-CE74-43ED-8412-69AF27017CBE}.Release|Any CPU.ActiveCfg = Release|Any CPU
		{6B759D05-CE74-43ED-8412-69AF27017CBE}.Release|Any CPU.Build.0 = Release|Any CPU
	EndGlobalSection
	GlobalSection(SolutionProperties) = preSolution
		HideSolutionNode = FALSE
	EndGlobalSection
	GlobalSection(ExtensibilityGlobals) = postSolution
		SolutionGuid = {A2F56F25-BF0D-4922-9C19-F4A7A6E332B1}
	EndGlobalSection
EndGlobal
